
Microsoft Visual Studio Solution File, Format Version 12.00
# Visual Studio 15
VisualStudioVersion = 15.0.27428.2037
MinimumVisualStudioVersion = 10.0.40219.1
Project("{00D1A9C2-B5F0-4AF3-8072-F6C62B433612}") = "Week8Hurdle", "Week8Hurdle\Week8Hurdle.sqlproj", "{3924C28F-B0EF-45CF-B6F3-B8B33B7F5061}"
EndProject
Project("{FAE04EC0-301F-11D3-BF4B-00C04F79EFBC}") = "Week8HurdleWeb", "Week8HurdleWeb\Week8HurdleWeb.csproj", "{2AA9CE13-70CF-4B07-ACCF-8CCE3DC7F765}"
EndProject
Global
	GlobalSection(SolutionConfigurationPlatforms) = preSolution
		Debug|Any CPU = Debug|Any CPU
		Release|Any CPU = Release|Any CPU
	EndGlobalSection
	GlobalSection(ProjectConfigurationPlatforms) = postSolution
		{3924C28F-B0EF-45CF-B6F3-B8B33B7F5061}.Debug|Any CPU.ActiveCfg = Debug|Any CPU
		{3924C28F-B0EF-45CF-B6F3-B8B33B7F5061}.Debug|Any CPU.Build.0 = Debug|Any CPU
		{3924C28F-B0EF-45CF-B6F3-B8B33B7F5061}.Debug|Any CPU.Deploy.0 = Debug|Any CPU
		{3924C28F-B0EF-45CF-B6F3-B8B33B7F5061}.Release|Any CPU.ActiveCfg = Release|Any CPU
		{3924C28F-B0EF-45CF-B6F3-B8B33B7F5061}.Release|Any CPU.Build.0 = Release|Any CPU
		{3924C28F-B0EF-45CF-B6F3-B8B33B7F5061}.Release|Any CPU.Deploy.0 = Release|Any CPU
		{2AA9CE13-70CF-4B07-ACCF-8CCE3DC7F765}.Debug|Any CPU.ActiveCfg = Debug|Any CPU
		{2AA9CE13-70CF-4B07-ACCF-8CCE3DC7F765}.Debug|Any CPU.Build.0 = Debug|Any CPU
		{2AA9CE13-70CF-4B07-ACCF-8CCE3DC7F765}.Release|Any CPU.ActiveCfg = Release|Any CPU
		{2AA9CE13-70CF-4B07-ACCF-8CCE3DC7F765}.Release|Any CPU.Build.0 = Release|Any CPU
	EndGlobalSection
	GlobalSection(SolutionProperties) = preSolution
		HideSolutionNode = FALSE
	EndGlobalSection
	GlobalSection(ExtensibilityGlobals) = postSolution
		SolutionGuid = {57B775CF-248F-4DA6-A49F-136B48974BBE}
	EndGlobalSection
EndGlobal
